
Microsoft Visual Studio Solution File, Format Version 12.00
# Visual Studio 15
VisualStudioVersion = 15.0.28010.2026
MinimumVisualStudioVersion = 10.0.40219.1
Project("{FAE04EC0-301F-11D3-BF4B-00C04F79EFBC}") = "SimpleEmail", "SimpleEmail\SimpleEmail.csproj", "{E7CC5292-591B-4D6E-BED9-55E55EDF864B}"
EndProject
Global
	GlobalSection(SolutionConfigurationPlatforms) = preSolution
		Debug|Any CPU = Debug|Any CPU
		Release|Any CPU = Release|Any CPU
	EndGlobalSection
	GlobalSection(ProjectConfigurationPlatforms) = postSolution
		{E7CC5292-591B-4D6E-BED9-55E55EDF864B}.Debug|Any CPU.ActiveCfg = Debug|Any CPU
		{E7CC5292-591B-4D6E-BED9-55E55EDF864B}.Debug|Any CPU.Build.0 = Debug|Any CPU
		{E7CC5292-591B-4D6E-BED9-55E55EDF864B}.Release|Any CPU.ActiveCfg = Release|Any CPU
		{E7CC5292-591B-4D6E-BED9-55E55EDF864B}.Release|Any CPU.Build.0 = Release|Any CPU
	EndGlobalSection
	GlobalSection(SolutionProperties) = preSolution
		HideSolutionNode = FALSE
	EndGlobalSection
	GlobalSection(ExtensibilityGlobals) = postSolution
		SolutionGuid = {BBBFA93E-9D5B-4570-ADE3-E3D77604629C}
	EndGlobalSection
EndGlobal
